<Solution>
  <Folder Name="/tests/">
    <Project Path="tests/E2ETests/E2ETests.csproj" />
    <Project Path="tests/IntegrationTests/IntegrationTests.csproj" />
    <Project Path="tests/UnitTests/UnitTests.csproj" />
  </Folder>
  <Project Path="IntegrationService/IntegrationService.csproj" />
</Solution>
